
Microsoft Visual Studio Solution File, Format Version 12.00
# Visual Studio 16
Project("{FAE04EC0-301F-11D3-BF4B-00C04F79EFBC}") = "Assembly-CSharp", "Assembly-CSharp.csproj", "{C30245DF-77D2-6265-7712-E64CD27DA453}"
EndProject
Project("{FAE04EC0-301F-11D3-BF4B-00C04F79EFBC}") = "Assembly-CSharp-firstpass", "Assembly-CSharp-firstpass.csproj", "{F863A177-456C-B50C-266F-4A63FBFCA9C3}"
EndProject
Project("{FAE04EC0-301F-11D3-BF4B-00C04F79EFBC}") = "Assembly-CSharp-Editor-firstpass", "Assembly-CSharp-Editor-firstpass.csproj", "{5E0AB640-67EF-9D78-DAB6-138C10194A7E}"
EndProject
Global
	GlobalSection(SolutionConfigurationPlatforms) = preSolution
		Debug|Any CPU = Debug|Any CPU
		Release|Any CPU = Release|Any CPU
	EndGlobalSection
	GlobalSection(ProjectConfigurationPlatforms) = postSolution
		{C30245DF-77D2-6265-7712-E64CD27DA453}.Debug|Any CPU.ActiveCfg = Debug|Any CPU
		{C30245DF-77D2-6265-7712-E64CD27DA453}.Debug|Any CPU.Build.0 = Debug|Any CPU
		{C30245DF-77D2-6265-7712-E64CD27DA453}.Release|Any CPU.ActiveCfg = Release|Any CPU
		{C30245DF-77D2-6265-7712-E64CD27DA453}.Release|Any CPU.Build.0 = Release|Any CPU
		{F863A177-456C-B50C-266F-4A63FBFCA9C3}.Debug|Any CPU.ActiveCfg = Debug|Any CPU
		{F863A177-456C-B50C-266F-4A63FBFCA9C3}.Debug|Any CPU.Build.0 = Debug|Any CPU
		{F863A177-456C-B50C-266F-4A63FBFCA9C3}.Release|Any CPU.ActiveCfg = Release|Any CPU
		{F863A177-456C-B50C-266F-4A63FBFCA9C3}.Release|Any CPU.Build.0 = Release|Any CPU
		{5E0AB640-67EF-9D78-DAB6-138C10194A7E}.Debug|Any CPU.ActiveCfg = Debug|Any CPU
		{5E0AB640-67EF-9D78-DAB6-138C10194A7E}.Debug|Any CPU.Build.0 = Debug|Any CPU
		{5E0AB640-67EF-9D78-DAB6-138C10194A7E}.Release|Any CPU.ActiveCfg = Release|Any CPU
		{5E0AB640-67EF-9D78-DAB6-138C10194A7E}.Release|Any CPU.Build.0 = Release|Any CPU
	EndGlobalSection
	GlobalSection(SolutionProperties) = preSolution
		HideSolutionNode = FALSE
	EndGlobalSection
EndGlobal
